
Microsoft Visual Studio Solution File, Format Version 12.00
# Visual Studio Version 17
VisualStudioVersion = 17.4.33110.190
MinimumVisualStudioVersion = 10.0.40219.1
Project("{FAE04EC0-301F-11D3-BF4B-00C04F79EFBC}") = "RamusStart", "RamusStart\RamusStart.csproj", "{8F0CEF46-CF9E-4C36-B2EC-75570CCC9003}"
EndProject
Global
	GlobalSection(SolutionConfigurationPlatforms) = preSolution
		Debug|Any CPU = Debug|Any CPU
		Release|Any CPU = Release|Any CPU
	EndGlobalSection
	GlobalSection(ProjectConfigurationPlatforms) = postSolution
		{8F0CEF46-CF9E-4C36-B2EC-75570CCC9003}.Debug|Any CPU.ActiveCfg = Debug|Any CPU
		{8F0CEF46-CF9E-4C36-B2EC-75570CCC9003}.Debug|Any CPU.Build.0 = Debug|Any CPU
		{8F0CEF46-CF9E-4C36-B2EC-75570CCC9003}.Release|Any CPU.ActiveCfg = Release|Any CPU
		{8F0CEF46-CF9E-4C36-B2EC-75570CCC9003}.Release|Any CPU.Build.0 = Release|Any CPU
	EndGlobalSection
	GlobalSection(SolutionProperties) = preSolution
		HideSolutionNode = FALSE
	EndGlobalSection
	GlobalSection(ExtensibilityGlobals) = postSolution
		SolutionGuid = {3F59A444-FFC8-47DA-93A8-EC408A7CF181}
	EndGlobalSection
EndGlobal
